
Microsoft Visual Studio Solution File, Format Version 12.00
# Visual Studio 15
VisualStudioVersion = 15.0.27703.2018
MinimumVisualStudioVersion = 10.0.40219.1
Project("{8BC9CEB8-8B4A-11D0-8D11-00A0C91BC942}") = "test-proc-child", "test-proc-child\test-proc-child.vcxproj", "{19BED94C-3999-4C23-AF9E-C014BC228CD1}"
EndProject
Global
	GlobalSection(SolutionConfigurationPlatforms) = preSolution
		Debug|x64 = Debug|x64
		Debug|x86 = Debug|x86
		Release|x64 = Release|x64
		Release|x86 = Release|x86
	EndGlobalSection
	GlobalSection(ProjectConfigurationPlatforms) = postSolution
		{19BED94C-3999-4C23-AF9E-C014BC228CD1}.Debug|x64.ActiveCfg = Debug|x64
		{19BED94C-3999-4C23-AF9E-C014BC228CD1}.Debug|x64.Build.0 = Debug|x64
		{19BED94C-3999-4C23-AF9E-C014BC228CD1}.Debug|x86.ActiveCfg = Debug|Win32
		{19BED94C-3999-4C23-AF9E-C014BC228CD1}.Debug|x86.Build.0 = Debug|Win32
		{19BED94C-3999-4C23-AF9E-C014BC228CD1}.Release|x64.ActiveCfg = Release|x64
		{19BED94C-3999-4C23-AF9E-C014BC228CD1}.Release|x64.Build.0 = Release|x64
		{19BED94C-3999-4C23-AF9E-C014BC228CD1}.Release|x86.ActiveCfg = Release|Win32
		{19BED94C-3999-4C23-AF9E-C014BC228CD1}.Release|x86.Build.0 = Release|Win32
	EndGlobalSection
	GlobalSection(SolutionProperties) = preSolution
		HideSolutionNode = FALSE
	EndGlobalSection
	GlobalSection(ExtensibilityGlobals) = postSolution
		SolutionGuid = {FE709D88-9243-412D-B90E-90D8F7187FF0}
	EndGlobalSection
EndGlobal
